
Microsoft Visual Studio Solution File, Format Version 12.00
# Visual Studio Version 17
VisualStudioVersion = 17.2.32602.215
MinimumVisualStudioVersion = 10.0.40219.1
Project("{FAE04EC0-301F-11D3-BF4B-00C04F79EFBC}") = "SignalRChat", "SignalRChat.csproj", "{D4C75EAF-CF3F-484A-B416-D0999AE617D2}"
EndProject
Global
	GlobalSection(SolutionConfigurationPlatforms) = preSolution
		Debug|Any CPU = Debug|Any CPU
		Release|Any CPU = Release|Any CPU
	EndGlobalSection
	GlobalSection(ProjectConfigurationPlatforms) = postSolution
		{D4C75EAF-CF3F-484A-B416-D0999AE617D2}.Debug|Any CPU.ActiveCfg = Debug|Any CPU
		{D4C75EAF-CF3F-484A-B416-D0999AE617D2}.Debug|Any CPU.Build.0 = Debug|Any CPU
		{D4C75EAF-CF3F-484A-B416-D0999AE617D2}.Release|Any CPU.ActiveCfg = Release|Any CPU
		{D4C75EAF-CF3F-484A-B416-D0999AE617D2}.Release|Any CPU.Build.0 = Release|Any CPU
	EndGlobalSection
	GlobalSection(SolutionProperties) = preSolution
		HideSolutionNode = FALSE
	EndGlobalSection
	GlobalSection(ExtensibilityGlobals) = postSolution
		SolutionGuid = {BCA593CC-6D76-4450-A34F-43599504872C}
	EndGlobalSection
EndGlobal
